# THIS IS AN AUTOGENERATED FILE. DO NOT EDIT THIS FILE DIRECTLY.
# yarn lockfile v1


react-circular-progressbar@^2.0.4:
  version "2.0.4"
  resolved "https://registry.yarnpkg.com/react-circular-progressbar/-/react-circular-progressbar-2.0.4.tgz#5b04a9cf6be8c522c180e4e99ec6db63677335b0"
  integrity sha512-OfX0ThSxRYEVGaQSt0DlXfyl5w4DbXHsXetyeivmoQrh9xA9bzVPHNf8aAhOIiwiaxX2WYWpLDB3gcpsDJ9oww==
